
Microsoft Visual Studio Solution File, Format Version 12.00
# Visual Studio Version 17
VisualStudioVersion = 17.2.32630.192
MinimumVisualStudioVersion = 10.0.40219.1
Project("{FAE04EC0-301F-11D3-BF4B-00C04F79EFBC}") = "HelloDotNet4x", "HelloDotNet4x.csproj", "{2DE087F1-7D47-43B0-BF78-865338325DDB}"
EndProject
Global
	GlobalSection(SolutionConfigurationPlatforms) = preSolution
		Debug|Any CPU = Debug|Any CPU
		Release|Any CPU = Release|Any CPU
	EndGlobalSection
	GlobalSection(ProjectConfigurationPlatforms) = postSolution
		{2DE087F1-7D47-43B0-BF78-865338325DDB}.Debug|Any CPU.ActiveCfg = Debug|Any CPU
		{2DE087F1-7D47-43B0-BF78-865338325DDB}.Debug|Any CPU.Build.0 = Debug|Any CPU
		{2DE087F1-7D47-43B0-BF78-865338325DDB}.Release|Any CPU.ActiveCfg = Release|Any CPU
		{2DE087F1-7D47-43B0-BF78-865338325DDB}.Release|Any CPU.Build.0 = Release|Any CPU
	EndGlobalSection
	GlobalSection(SolutionProperties) = preSolution
		HideSolutionNode = FALSE
	EndGlobalSection
	GlobalSection(ExtensibilityGlobals) = postSolution
		SolutionGuid = {3CBE2659-EE1A-4540-B8B5-19FFA9923228}
	EndGlobalSection
EndGlobal
